{
  "version": 4,
  "terraform_version": "1.0.10",
  "serial": 57,
  "lineage": "917389a9-5d2a-c4b6-03c9-e0daa271e3fe",
  "outputs": {},
  "resources": [
    {
      "mode": "data",
      "type": "google_client_config",
      "name": "default",
      "provider": "provider[\"registry.terraform.io/hashicorp/google\"]",
      "instances": [
        {
          "schema_version": 0,
          "attributes": {
            "access_token": "ya29.c.b0AXv0zTMFzGCV3rlK5Y-dWkjKQ22TKxa_5fW9bSCvsrzJ0_xgzOK11XAeGRjwsBgfFUb_Nw2Cvi5_LlbZfWD9fhR-FSEfaLxSLSCuxOJkogs2xiP-S5231HrQYLRjiGocRC6P3Whv2XAr6W4oWUSXrv_pOZU3h7_-Ybgu2MZbFXuj-0t0yuP8Yd3vRwFVNIhqJ7f0utpFd3DFTCYtzNNCOYRF_MPpIy5N.....................................................................................................................................................................................................................................................................................................................................................................................................................................................................................................................................................................................................................................................................................................................................................................................",
            "id": "projects//regions//zones/",
            "project": "",
            "region": "",
            "zone": ""
          },
          "sensitive_attributes": []
        }
      ]
    },
    {
      "module": "module.gcp_gke",
      "mode": "managed",
      "type": "google_container_cluster",
      "name": "calculator",
      "provider": "provider[\"registry.terraform.io/hashicorp/google\"]",
      "instances": [
        {
          "schema_version": 1,
          "attributes": {
            "addons_config": [
              {
                "cloudrun_config": [],
                "horizontal_pod_autoscaling": [],
                "http_load_balancing": [],
                "network_policy_config": [
                  {
                    "disabled": true
                  }
                ]
              }
            ],
            "authenticator_groups_config": [],
            "cluster_autoscaling": [
              {
                "auto_provisioning_defaults": [],
                "enabled": false,
                "resource_limits": []
              }
            ],
            "cluster_ipv4_cidr": "10.0.0.0/14",
            "database_encryption": [
              {
                "key_name": "",
                "state": "DECRYPTED"
              }
            ],
            "datapath_provider": "",
            "default_max_pods_per_node": null,
            "default_snat_status": [
              {
                "disabled": false
              }
            ],
            "description": "",
            "enable_autopilot": false,
            "enable_binary_authorization": false,
            "enable_intranode_visibility": false,
            "enable_kubernetes_alpha": false,
            "enable_legacy_abac": false,
            "enable_shielded_nodes": true,
            "enable_tpu": false,
            "endpoint": "35.246.231.178",
            "id": "projects/agisit-2021-project-a43/locations/europe-west3-b/clusters/calculator",
            "initial_node_count": 2,
            "ip_allocation_policy": [],
            "label_fingerprint": "a9dc16a7",
            "location": "europe-west3-b",
            "logging_config": [
              {
                "enable_components": [
                  "SYSTEM_COMPONENTS",
                  "WORKLOADS"
                ]
              }
            ],
            "logging_service": "logging.googleapis.com/kubernetes",
            "maintenance_policy": [],
            "master_auth": [
              {
                "client_certificate": "",
                "client_certificate_config": [
                  {
                    "issue_client_certificate": false
                  }
                ],
                "client_key": "",
                "cluster_ca_certificate": "LS0tLS1CRUdJTiBDRVJUSUZJQ0FURS0tLS0tCk1JSUVMVENDQXBXZ0F3SUJBZ0lSQU5Rekx2UjhyZWRlMzhnSXRjWjAxdXN3RFFZSktvWklodmNOQVFFTEJRQXcKTHpFdE1Dc0dBMVVFQXhNa1pqQmtOalZoTnpVdFpUYzJaUzAwTURnNExXRmpNakV0WWpCbE9EbGxNV1E1T1RWbApNQ0FYRFRJeE1URXhNREUxTWpjeE9Wb1lEekl3TlRFeE1UQXpNVFl5TnpFNVdqQXZNUzB3S3dZRFZRUURFeVJtCk1HUTJOV0UzTlMxbE56WmxMVFF3T0RndFlXTXlNUzFpTUdVNE9XVXhaRGs1TldVd2dnR2lNQTBHQ1NxR1NJYjMKRFFFQkFRVUFBNElCandBd2dnR0tBb0lCZ1FDMW83VmdhMkZYUzFhWkNYWk83cmdvd2Z6WHBabnoyNEpaUEVocQpDdWY0SlB6Q09zMkhyaWpoam1HTVhtM2VORWQxQTBOek0xV0VDN0cyUnZCWU95VjFLR1R1Q2hYL2ZLMlVKQzQyClFrckV5ZDRVUTlTdzN1YUl0bVlVcjAxRDVjZm9KN3g1OHRhL29QUGZoaEk2akFRSnlpcGFma3psd0pITXFneHoKbWJEdUNzL1JZaVdhVDJSdkNCSUJOYkZvUnczZ09zNGI4Uk1JWU5nc2NJMW5vUDF1ZmVQa0JiN0NoYlo1d1h6YQo5OUVhanF6dkNJWkZxbXdQaWNCOXEvSUZLRjZqOHN4c2pYdG4vTGkxYm1RREowZW1wZDd3ZjlPWmxJcURPZ0JrCkxrdDlXUDlBU1VEeTVmaU05Zms3Tkp4R2tSREdQNGphVGxyRjRXYklyMmpuaXpkR0JDejVpbkdOSk9jN1JnSlIKeUxPcjBWc3ZkVC9HWktqS3RseGpQZnlUVmd5bGFKUkFRSjlMeUxjTmVCUzVzUHJTbkxDMmYxcTdBSk9zdkpJaApmYm1SWU1FS2w5d3EyTUNSKzFSc0g0bXB2VjBkelZBeTZsNU9VVU90dS96QmJvUnpPeUVzTFg4MzBaem84emZxCm53Mk5IVWw5Rkg1VWYzc3k2TUJCUHRwS0ZCa0NBd0VBQWFOQ01FQXdEZ1lEVlIwUEFRSC9CQVFEQWdJRU1BOEcKQTFVZEV3RUIvd1FGTUFNQkFmOHdIUVlEVlIwT0JCWUVGT1NoL0lIempFUUU2ZnpZblBLVDZKMkcwTFhCTUEwRwpDU3FHU0liM0RRRUJDd1VBQTRJQmdRQ3NSUEQ3M0hPSGM5SFhwa0NiQ3FhYkhWVUdoSnh5a09iK25pSlZDSzZWCjFDN2YveHBZV1RaREJrdno4clBScnQ3NGJPNEZndHVGYU5BTytrMnlpV3NqeXUxV2k2MUxqdnIvdnAvM1AwTWsKdVFrT3lpQjZUbitnWThISHl4cUtrdW5ZUkpIdUtHSUsxbVBrOTF0VlZmYmVrUkdpTS9lUytVZWliR3dBVjZVbQpwS3ZDZnlQMFZFcDVaeHpveVJ6d2hadWZRWC9UOGJMbXdRV3BLNHBSb250QUQ1VlFieGsrMTIvK09JQjFONi85CnIwMTRsVU5FRU9uT1hOUk51QVdnbVlTMDJpVWxqOEFqZ01rOGhJOW5mN3RmeXRUTXJHa0Z0QmorSXhDM2dMek4KemZQdFBPc0h0dVJWREIzU24zaEs2Q3JRSFpZYXU5cERzZ0IzaFg4WForNFRSekViVkUvbUhveElka1lqQS9HRwpWR2wvdS9YZHNucTc1OWFBVlAxM2I0cy9zeXlKU0dSVGU5MmdzVnN6QmovNllzd05vWlpoS0hvZU5pY3lRY3F4Clc4cXpkR0lIN2h6NzdRK2VrUnVBM3BTampXZ043bkkwV3dXTU9JdXQxQmIyQ3E5bkFZVGo3dWIraHk1djhtd2EKaEhrWEZVY3VuN3NsUUpLMWNIYlg0S2M9Ci0tLS0tRU5EIENFUlRJRklDQVRFLS0tLS0K"
              }
            ],
            "master_authorized_networks_config": [],
            "master_version": "1.20.10-gke.1600",
            "min_master_version": null,
            "monitoring_config": [
              {
                "enable_components": [
                  "SYSTEM_COMPONENTS"
                ]
              }
            ],
            "monitoring_service": "monitoring.googleapis.com/kubernetes",
            "name": "calculator",
            "network": "projects/agisit-2021-project-a43/global/networks/default",
            "network_policy": [
              {
                "enabled": false,
                "provider": "PROVIDER_UNSPECIFIED"
              }
            ],
            "networking_mode": "ROUTES",
            "node_config": [
              {
                "disk_size_gb": 100,
                "disk_type": "pd-standard",
                "guest_accelerator": [],
                "image_type": "COS_CONTAINERD",
                "labels": {},
                "local_ssd_count": 0,
                "machine_type": "n1-standard-2",
                "metadata": {
                  "disable-legacy-endpoints": "true"
                },
                "min_cpu_platform": "",
                "oauth_scopes": [
                  "https://www.googleapis.com/auth/compute",
                  "https://www.googleapis.com/auth/devstorage.read_only",
                  "https://www.googleapis.com/auth/logging.write",
                  "https://www.googleapis.com/auth/monitoring",
                  "https://www.googleapis.com/auth/service.management.readonly",
                  "https://www.googleapis.com/auth/servicecontrol",
                  "https://www.googleapis.com/auth/trace.append"
                ],
                "preemptible": false,
                "service_account": "default",
                "shielded_instance_config": [
                  {
                    "enable_integrity_monitoring": true,
                    "enable_secure_boot": false
                  }
                ],
                "tags": null,
                "taint": [],
                "workload_metadata_config": []
              }
            ],
            "node_locations": [],
            "node_pool": [
              {
                "autoscaling": [],
                "initial_node_count": 2,
                "instance_group_urls": [
                  "https://www.googleapis.com/compute/v1/projects/agisit-2021-project-a43/zones/europe-west3-b/instanceGroupManagers/gke-calculator-default-pool-2089938a-grp"
                ],
                "managed_instance_group_urls": [
                  "https://www.googleapis.com/compute/v1/projects/agisit-2021-project-a43/zones/europe-west3-b/instanceGroups/gke-calculator-default-pool-2089938a-grp"
                ],
                "management": [
                  {
                    "auto_repair": true,
                    "auto_upgrade": true
                  }
                ],
                "max_pods_per_node": 0,
                "name": "default-pool",
                "name_prefix": "",
                "node_config": [
                  {
                    "disk_size_gb": 100,
                    "disk_type": "pd-standard",
                    "guest_accelerator": [],
                    "image_type": "COS_CONTAINERD",
                    "labels": {},
                    "local_ssd_count": 0,
                    "machine_type": "n1-standard-2",
                    "metadata": {
                      "disable-legacy-endpoints": "true"
                    },
                    "min_cpu_platform": "",
                    "oauth_scopes": [
                      "https://www.googleapis.com/auth/compute",
                      "https://www.googleapis.com/auth/devstorage.read_only",
                      "https://www.googleapis.com/auth/logging.write",
                      "https://www.googleapis.com/auth/monitoring",
                      "https://www.googleapis.com/auth/service.management.readonly",
                      "https://www.googleapis.com/auth/servicecontrol",
                      "https://www.googleapis.com/auth/trace.append"
                    ],
                    "preemptible": false,
                    "service_account": "default",
                    "shielded_instance_config": [
                      {
                        "enable_integrity_monitoring": true,
                        "enable_secure_boot": false
                      }
                    ],
                    "tags": [],
                    "taint": [],
                    "workload_metadata_config": []
                  }
                ],
                "node_count": 2,
                "node_locations": [
                  "europe-west3-b"
                ],
                "upgrade_settings": [
                  {
                    "max_surge": 1,
                    "max_unavailable": 0
                  }
                ],
                "version": "1.20.10-gke.1600"
              }
            ],
            "node_version": "1.20.10-gke.1600",
            "operation": null,
            "private_cluster_config": [],
            "private_ipv6_google_access": "",
            "project": "agisit-2021-project-a43",
            "release_channel": [
              {
                "channel": "REGULAR"
              }
            ],
            "remove_default_node_pool": null,
            "resource_labels": null,
            "resource_usage_export_config": [],
            "self_link": "https://container.googleapis.com/v1/projects/agisit-2021-project-a43/zones/europe-west3-b/clusters/calculator",
            "services_ipv4_cidr": "10.3.240.0/20",
            "subnetwork": "projects/agisit-2021-project-a43/regions/europe-west3/subnetworks/default",
            "timeouts": null,
            "tpu_ipv4_cidr_block": "",
            "vertical_pod_autoscaling": [],
            "workload_identity_config": []
          },
          "sensitive_attributes": [],
          "private": "eyJlMmJmYjczMC1lY2FhLTExZTYtOGY4OC0zNDM2M2JjN2M0YzAiOnsiY3JlYXRlIjoyNDAwMDAwMDAwMDAwLCJkZWxldGUiOjI0MDAwMDAwMDAwMDAsInJlYWQiOjI0MDAwMDAwMDAwMDAsInVwZGF0ZSI6MzYwMDAwMDAwMDAwMH0sInNjaGVtYV92ZXJzaW9uIjoiMSJ9"
        }
      ]
    },
    {
      "module": "module.gcp_k8s",
      "mode": "data",
      "type": "google_client_config",
      "name": "default",
      "provider": "provider[\"registry.terraform.io/hashicorp/google\"]",
      "instances": [
        {
          "schema_version": 0,
          "attributes": {
            "access_token": "ya29.c.b0AXv0zTMzBki8m0Lr4SfkdT2lZ6ZN_kuJVIFH8x149cFXE89RaPmUdYtP7dRIn14GNDUMCuWGB9QKBxHInlPP0p0NvXUEnPbM57Un5QYyTXVsK4rE1zb07BGliS1HrZYQgrDBdLfbILJJ2pUzTQU3k7xHIWuqQYSPFDvKfmZtM5V7FMJCvaTGv0vLQ1Bjz9JrMF9aDsVIyZOOOolmBY70xifSKL_mvV80.....................................................................................................................................................................................................................................................................................................................................................................................................................................................................................................................................................................................................................................................................................................................................................................................",
            "id": "projects//regions//zones/",
            "project": "",
            "region": "",
            "zone": ""
          },
          "sensitive_attributes": []
        }
      ]
    },
    {
      "module": "module.gcp_k8s",
      "mode": "data",
      "type": "kubectl_file_documents",
      "name": "ambassador_docs",
      "provider": "provider[\"registry.terraform.io/gavinbunney/kubectl\"]",
      "instances": [
        {
          "schema_version": 0,
          "attributes": {
            "content": "---\napiVersion: v1\nkind: Service\nmetadata:\n  labels:\n    service: ambassador-admin\n  name: ambassador-admin\nspec:\n  type: NodePort\n  ports:\n  - name: ambassador-admin\n    port: 8877\n    targetPort: 8877\n  selector:\n    service: ambassador\n---\napiVersion: rbac.authorization.k8s.io/v1beta1\nkind: ClusterRole\nmetadata:\n  name: ambassador\nrules:\n- apiGroups: [\"\"]\n  resources:\n  - services\n  verbs: [\"get\", \"list\", \"watch\"]\n- apiGroups: [\"\"]\n  resources:\n  - configmaps\n  verbs: [\"create\", \"update\", \"patch\", \"get\", \"list\", \"watch\"]\n- apiGroups: [\"\"]\n  resources:\n  - secrets\n  verbs: [\"get\", \"list\", \"watch\"]\n---\napiVersion: v1\nkind: ServiceAccount\nmetadata:\n  name: ambassador\n---\napiVersion: rbac.authorization.k8s.io/v1beta1\nkind: ClusterRoleBinding\nmetadata:\n  name: ambassador\nroleRef:\n  apiGroup: rbac.authorization.k8s.io\n  kind: ClusterRole\n  name: ambassador\nsubjects:\n- kind: ServiceAccount\n  name: ambassador\n  namespace: default\n---\napiVersion: extensions/v1beta1\nkind: Deployment\nmetadata:\n  name: ambassador\nspec:\n  replicas: 1\n  template:\n    metadata:\n      labels:\n        service: ambassador\n    spec:\n      serviceAccountName: ambassador\n      containers:\n      - name: ambassador\n        image: datawire/ambassador:0.19.2\n        imagePullPolicy: IfNotPresent\n        resources:\n          limits:\n            cpu: 1\n            memory: 400Mi\n          requests:\n            cpu: 200m\n            memory: 100Mi\n        env:\n        - name: AMBASSADOR_NAMESPACE\n          valueFrom:\n            fieldRef:\n              fieldPath: metadata.namespace\n        livenessProbe:\n          httpGet:\n            path: /ambassador/v0/check_alive\n            port: 8877\n          initialDelaySeconds: 3\n          periodSeconds: 3\n        readinessProbe:\n          httpGet:\n            path: /ambassador/v0/check_ready\n            port: 8877\n          initialDelaySeconds: 3\n          periodSeconds: 3\n      restartPolicy: Always\n\n---\napiVersion: v1\nkind: Service\nmetadata:\n  labels:\n    service: ambassador\n  name: ambassador\n  annotations:\n    getambassador.io/config: |\n      ---\n      apiVersion: ambassador/v0\n      kind: Mapping\n      name: vuecalc-svc_mapping\n      prefix: /\n      service: vuecalc-svc:2000\n      ---\n      apiVersion: ambassador/v0\n      kind: Mapping\n      name: express-svc_mapping\n      prefix: /express/\n      rewrite: /api/express/\n      service: express-svc:3000\n      ---\n      apiVersion: ambassador/v0\n      kind: Mapping\n      name: happy-svc_mapping\n      prefix: /happy/\n      rewrite: /api/happy/\n      service: happy-svc:4000\n      ---\n      apiVersion: ambassador/v0\n      kind: Mapping\n      name: bootstorage-svc_mapping\n      prefix: /bootstorage/\n      rewrite: /api/bootstorage/\n      service: bootstorage-svc:5000\nspec:\n  type: LoadBalancer\n  ports:\n  - name: ambassador\n    port: 80\n    targetPort: 80\n  selector:\n    service: ambassador",
            "documents": [
              "---\napiVersion: v1\nkind: Service\nmetadata:\n  labels:\n    service: ambassador-admin\n  name: ambassador-admin\nspec:\n  type: NodePort\n  ports:\n  - name: ambassador-admin\n    port: 8877\n    targetPort: 8877\n  selector:\n    service: ambassador",
              "apiVersion: rbac.authorization.k8s.io/v1beta1\nkind: ClusterRole\nmetadata:\n  name: ambassador\nrules:\n- apiGroups: [\"\"]\n  resources:\n  - services\n  verbs: [\"get\", \"list\", \"watch\"]\n- apiGroups: [\"\"]\n  resources:\n  - configmaps\n  verbs: [\"create\", \"update\", \"patch\", \"get\", \"list\", \"watch\"]\n- apiGroups: [\"\"]\n  resources:\n  - secrets\n  verbs: [\"get\", \"list\", \"watch\"]",
              "apiVersion: v1\nkind: ServiceAccount\nmetadata:\n  name: ambassador",
              "apiVersion: rbac.authorization.k8s.io/v1beta1\nkind: ClusterRoleBinding\nmetadata:\n  name: ambassador\nroleRef:\n  apiGroup: rbac.authorization.k8s.io\n  kind: ClusterRole\n  name: ambassador\nsubjects:\n- kind: ServiceAccount\n  name: ambassador\n  namespace: default",
              "apiVersion: extensions/v1beta1\nkind: Deployment\nmetadata:\n  name: ambassador\nspec:\n  replicas: 1\n  template:\n    metadata:\n      labels:\n        service: ambassador\n    spec:\n      serviceAccountName: ambassador\n      containers:\n      - name: ambassador\n        image: datawire/ambassador:0.19.2\n        imagePullPolicy: IfNotPresent\n        resources:\n          limits:\n            cpu: 1\n            memory: 400Mi\n          requests:\n            cpu: 200m\n            memory: 100Mi\n        env:\n        - name: AMBASSADOR_NAMESPACE\n          valueFrom:\n            fieldRef:\n              fieldPath: metadata.namespace\n        livenessProbe:\n          httpGet:\n            path: /ambassador/v0/check_alive\n            port: 8877\n          initialDelaySeconds: 3\n          periodSeconds: 3\n        readinessProbe:\n          httpGet:\n            path: /ambassador/v0/check_ready\n            port: 8877\n          initialDelaySeconds: 3\n          periodSeconds: 3\n      restartPolicy: Always",
              "apiVersion: v1\nkind: Service\nmetadata:\n  labels:\n    service: ambassador\n  name: ambassador\n  annotations:\n    getambassador.io/config: |\n      ---\n      apiVersion: ambassador/v0\n      kind: Mapping\n      name: vuecalc-svc_mapping\n      prefix: /\n      service: vuecalc-svc:2000\n      ---\n      apiVersion: ambassador/v0\n      kind: Mapping\n      name: express-svc_mapping\n      prefix: /express/\n      rewrite: /api/express/\n      service: express-svc:3000\n      ---\n      apiVersion: ambassador/v0\n      kind: Mapping\n      name: happy-svc_mapping\n      prefix: /happy/\n      rewrite: /api/happy/\n      service: happy-svc:4000\n      ---\n      apiVersion: ambassador/v0\n      kind: Mapping\n      name: bootstorage-svc_mapping\n      prefix: /bootstorage/\n      rewrite: /api/bootstorage/\n      service: bootstorage-svc:5000\nspec:\n  type: LoadBalancer\n  ports:\n  - name: ambassador\n    port: 80\n    targetPort: 80\n  selector:\n    service: ambassador"
            ],
            "id": "4b4bc0800d9ddd6a5921b11735eb0071b751aab6e5d271dfc165e3dab6e04263",
            "manifests": {
              "/api/v1/serviceaccounts/ambassador": "apiVersion: v1\nkind: ServiceAccount\nmetadata:\n  name: ambassador\n",
              "/api/v1/services/ambassador": "apiVersion: v1\nkind: Service\nmetadata:\n  annotations:\n    getambassador.io/config: |\n      ---\n      apiVersion: ambassador/v0\n      kind: Mapping\n      name: vuecalc-svc_mapping\n      prefix: /\n      service: vuecalc-svc:2000\n      ---\n      apiVersion: ambassador/v0\n      kind: Mapping\n      name: express-svc_mapping\n      prefix: /express/\n      rewrite: /api/express/\n      service: express-svc:3000\n      ---\n      apiVersion: ambassador/v0\n      kind: Mapping\n      name: happy-svc_mapping\n      prefix: /happy/\n      rewrite: /api/happy/\n      service: happy-svc:4000\n      ---\n      apiVersion: ambassador/v0\n      kind: Mapping\n      name: bootstorage-svc_mapping\n      prefix: /bootstorage/\n      rewrite: /api/bootstorage/\n      service: bootstorage-svc:5000\n  labels:\n    service: ambassador\n  name: ambassador\nspec:\n  ports:\n  - name: ambassador\n    port: 80\n    targetPort: 80\n  selector:\n    service: ambassador\n  type: LoadBalancer\n",
              "/api/v1/services/ambassador-admin": "apiVersion: v1\nkind: Service\nmetadata:\n  labels:\n    service: ambassador-admin\n  name: ambassador-admin\nspec:\n  ports:\n  - name: ambassador-admin\n    port: 8877\n    targetPort: 8877\n  selector:\n    service: ambassador\n  type: NodePort\n",
              "/apis/extensions/v1beta1/deployments/ambassador": "apiVersion: extensions/v1beta1\nkind: Deployment\nmetadata:\n  name: ambassador\nspec:\n  replicas: 1\n  template:\n    metadata:\n      labels:\n        service: ambassador\n    spec:\n      containers:\n      - env:\n        - name: AMBASSADOR_NAMESPACE\n          valueFrom:\n            fieldRef:\n              fieldPath: metadata.namespace\n        image: datawire/ambassador:0.19.2\n        imagePullPolicy: IfNotPresent\n        livenessProbe:\n          httpGet:\n            path: /ambassador/v0/check_alive\n            port: 8877\n          initialDelaySeconds: 3\n          periodSeconds: 3\n        name: ambassador\n        readinessProbe:\n          httpGet:\n            path: /ambassador/v0/check_ready\n            port: 8877\n          initialDelaySeconds: 3\n          periodSeconds: 3\n        resources:\n          limits:\n            cpu: 1\n            memory: 400Mi\n          requests:\n            cpu: 200m\n            memory: 100Mi\n      restartPolicy: Always\n      serviceAccountName: ambassador\n",
              "/apis/rbac.authorization.k8s.io/v1beta1/clusterrolebindings/ambassador": "apiVersion: rbac.authorization.k8s.io/v1beta1\nkind: ClusterRoleBinding\nmetadata:\n  name: ambassador\nroleRef:\n  apiGroup: rbac.authorization.k8s.io\n  kind: ClusterRole\n  name: ambassador\nsubjects:\n- kind: ServiceAccount\n  name: ambassador\n  namespace: default\n",
              "/apis/rbac.authorization.k8s.io/v1beta1/clusterroles/ambassador": "apiVersion: rbac.authorization.k8s.io/v1beta1\nkind: ClusterRole\nmetadata:\n  name: ambassador\nrules:\n- apiGroups:\n  - \"\"\n  resources:\n  - services\n  verbs:\n  - get\n  - list\n  - watch\n- apiGroups:\n  - \"\"\n  resources:\n  - configmaps\n  verbs:\n  - create\n  - update\n  - patch\n  - get\n  - list\n  - watch\n- apiGroups:\n  - \"\"\n  resources:\n  - secrets\n  verbs:\n  - get\n  - list\n  - watch\n"
            }
          },
          "sensitive_attributes": []
        }
      ]
    },
    {
      "module": "module.gcp_k8s",
      "mode": "managed",
      "type": "kubernetes_deployment",
      "name": "express-svc",
      "provider": "module.gcp_k8s.provider[\"registry.terraform.io/hashicorp/kubernetes\"]",
      "instances": [
        {
          "schema_version": 1,
          "attributes": {
            "id": "default/express-svc",
            "metadata": [
              {
                "annotations": null,
                "generate_name": "",
                "generation": 1,
                "labels": {
                  "app": "express-svc",
                  "tier": "backend"
                },
                "name": "express-svc",
                "namespace": "default",
                "resource_version": "991",
                "uid": "cbd5997b-28c0-4ad2-b7a2-2aa243fa1cb0"
              }
            ],
            "spec": [
              {
                "min_ready_seconds": 0,
                "paused": false,
                "progress_deadline_seconds": 1200,
                "replicas": "1",
                "revision_history_limit": 10,
                "selector": [
                  {
                    "match_expressions": [],
                    "match_labels": {
                      "app": "express-svc",
                      "tier": "backend"
                    }
                  }
                ],
                "strategy": [
                  {
                    "rolling_update": [
                      {
                        "max_surge": "25%",
                        "max_unavailable": "25%"
                      }
                    ],
                    "type": "RollingUpdate"
                  }
                ],
                "template": [
                  {
                    "metadata": [
                      {
                        "annotations": null,
                        "generate_name": "",
                        "generation": 0,
                        "labels": {
                          "app": "express-svc",
                          "tier": "backend"
                        },
                        "name": "",
                        "namespace": "",
                        "resource_version": "",
                        "uid": ""
                      }
                    ],
                    "spec": [
                      {
                        "active_deadline_seconds": 0,
                        "affinity": [],
                        "automount_service_account_token": true,
                        "container": [
                          {
                            "args": null,
                            "command": null,
                            "env": [],
                            "env_from": [],
                            "image": "docker.io/rodriguespn/expressed:latest",
                            "image_pull_policy": "Always",
                            "lifecycle": [],
                            "liveness_probe": [],
                            "name": "expressed",
                            "port": [
                              {
                                "container_port": 3000,
                                "host_ip": "",
                                "host_port": 0,
                                "name": "",
                                "protocol": "TCP"
                              }
                            ],
                            "readiness_probe": [],
                            "resources": [
                              {
                                "limits": {},
                                "requests": {
                                  "cpu": "200m",
                                  "memory": "500Mi"
                                }
                              }
                            ],
                            "security_context": [],
                            "startup_probe": [],
                            "stdin": false,
                            "stdin_once": false,
                            "termination_message_path": "/dev/termination-log",
                            "termination_message_policy": "File",
                            "tty": false,
                            "volume_mount": [],
                            "working_dir": ""
                          }
                        ],
                        "dns_config": [],
                        "dns_policy": "ClusterFirst",
                        "enable_service_links": true,
                        "host_aliases": [],
                        "host_ipc": false,
                        "host_network": false,
                        "host_pid": false,
                        "hostname": "",
                        "image_pull_secrets": [],
                        "init_container": [],
                        "node_name": "",
                        "node_selector": null,
                        "priority_class_name": "",
                        "readiness_gate": [],
                        "restart_policy": "Always",
                        "security_context": [],
                        "service_account_name": "",
                        "share_process_namespace": false,
                        "subdomain": "",
                        "termination_grace_period_seconds": 30,
                        "toleration": [],
                        "topology_spread_constraint": [],
                        "volume": []
                      }
                    ]
                  }
                ]
              }
            ],
            "timeouts": null,
            "wait_for_rollout": true
          },
          "sensitive_attributes": [],
          "private": "eyJlMmJmYjczMC1lY2FhLTExZTYtOGY4OC0zNDM2M2JjN2M0YzAiOnsiY3JlYXRlIjo2MDAwMDAwMDAwMDAsImRlbGV0ZSI6NjAwMDAwMDAwMDAwLCJ1cGRhdGUiOjYwMDAwMDAwMDAwMH0sInNjaGVtYV92ZXJzaW9uIjoiMSJ9",
          "dependencies": [
            "module.gcp_gke.google_container_cluster.calculator",
            "module.gcp_k8s.data.google_client_config.default"
          ]
        }
      ]
    },
    {
      "module": "module.gcp_k8s",
      "mode": "managed",
      "type": "kubernetes_deployment",
      "name": "vuecalc-svc",
      "provider": "module.gcp_k8s.provider[\"registry.terraform.io/hashicorp/kubernetes\"]",
      "instances": [
        {
          "schema_version": 1,
          "attributes": {
            "id": "default/vuecalc-svc",
            "metadata": [
              {
                "annotations": null,
                "generate_name": "",
                "generation": 1,
                "labels": {
                  "app": "calculator",
                  "tier": "frontend"
                },
                "name": "vuecalc-svc",
                "namespace": "default",
                "resource_version": "1172",
                "uid": "4b816e37-bb0d-479d-b87c-0ecabd73d46f"
              }
            ],
            "spec": [
              {
                "min_ready_seconds": 0,
                "paused": false,
                "progress_deadline_seconds": 600,
                "replicas": "3",
                "revision_history_limit": 10,
                "selector": [
                  {
                    "match_expressions": [],
                    "match_labels": {
                      "app": "calculator",
                      "tier": "frontend"
                    }
                  }
                ],
                "strategy": [
                  {
                    "rolling_update": [
                      {
                        "max_surge": "25%",
                        "max_unavailable": "25%"
                      }
                    ],
                    "type": "RollingUpdate"
                  }
                ],
                "template": [
                  {
                    "metadata": [
                      {
                        "annotations": null,
                        "generate_name": "",
                        "generation": 0,
                        "labels": {
                          "app": "calculator",
                          "tier": "frontend"
                        },
                        "name": "",
                        "namespace": "",
                        "resource_version": "",
                        "uid": ""
                      }
                    ],
                    "spec": [
                      {
                        "active_deadline_seconds": 0,
                        "affinity": [],
                        "automount_service_account_token": true,
                        "container": [
                          {
                            "args": null,
                            "command": null,
                            "env": [
                              {
                                "name": "GET_HOSTS_FROM",
                                "value": "dns",
                                "value_from": []
                              }
                            ],
                            "env_from": [],
                            "image": "docker.io/rodriguespn/vuecalc",
                            "image_pull_policy": "Always",
                            "lifecycle": [],
                            "liveness_probe": [],
                            "name": "vue-express-redis",
                            "port": [
                              {
                                "container_port": 2000,
                                "host_ip": "",
                                "host_port": 0,
                                "name": "",
                                "protocol": "TCP"
                              }
                            ],
                            "readiness_probe": [],
                            "resources": [
                              {
                                "limits": {},
                                "requests": {
                                  "cpu": "100m",
                                  "memory": "100Mi"
                                }
                              }
                            ],
                            "security_context": [],
                            "startup_probe": [],
                            "stdin": false,
                            "stdin_once": false,
                            "termination_message_path": "/dev/termination-log",
                            "termination_message_policy": "File",
                            "tty": false,
                            "volume_mount": [],
                            "working_dir": ""
                          }
                        ],
                        "dns_config": [],
                        "dns_policy": "ClusterFirst",
                        "enable_service_links": true,
                        "host_aliases": [],
                        "host_ipc": false,
                        "host_network": false,
                        "host_pid": false,
                        "hostname": "",
                        "image_pull_secrets": [],
                        "init_container": [],
                        "node_name": "",
                        "node_selector": null,
                        "priority_class_name": "",
                        "readiness_gate": [],
                        "restart_policy": "Always",
                        "security_context": [],
                        "service_account_name": "",
                        "share_process_namespace": false,
                        "subdomain": "",
                        "termination_grace_period_seconds": 30,
                        "toleration": [],
                        "topology_spread_constraint": [],
                        "volume": []
                      }
                    ]
                  }
                ]
              }
            ],
            "timeouts": null,
            "wait_for_rollout": true
          },
          "sensitive_attributes": [],
          "private": "eyJlMmJmYjczMC1lY2FhLTExZTYtOGY4OC0zNDM2M2JjN2M0YzAiOnsiY3JlYXRlIjo2MDAwMDAwMDAwMDAsImRlbGV0ZSI6NjAwMDAwMDAwMDAwLCJ1cGRhdGUiOjYwMDAwMDAwMDAwMH0sInNjaGVtYV92ZXJzaW9uIjoiMSJ9",
          "dependencies": [
            "module.gcp_gke.google_container_cluster.calculator",
            "module.gcp_k8s.data.google_client_config.default"
          ]
        }
      ]
    },
    {
      "module": "module.gcp_k8s",
      "mode": "managed",
      "type": "kubernetes_service",
      "name": "express-svc",
      "provider": "module.gcp_k8s.provider[\"registry.terraform.io/hashicorp/kubernetes\"]",
      "instances": [
        {
          "schema_version": 1,
          "attributes": {
            "id": "default/express-svc",
            "metadata": [
              {
                "annotations": null,
                "generate_name": "",
                "generation": 0,
                "labels": {
                  "app": "express-svc",
                  "tier": "backend"
                },
                "name": "express-svc",
                "namespace": "default",
                "resource_version": "892",
                "uid": "58e4681b-d038-498e-af58-3ff2b02d7202"
              }
            ],
            "spec": [
              {
                "cluster_ip": "10.3.255.20",
                "external_ips": null,
                "external_name": "",
                "external_traffic_policy": "",
                "health_check_node_port": 0,
                "load_balancer_ip": "",
                "load_balancer_source_ranges": null,
                "port": [
                  {
                    "name": "",
                    "node_port": 0,
                    "port": 3000,
                    "protocol": "TCP",
                    "target_port": "3000"
                  }
                ],
                "publish_not_ready_addresses": false,
                "selector": {
                  "app": "express-svc",
                  "tier": "backend"
                },
                "session_affinity": "None",
                "type": "ClusterIP"
              }
            ],
            "status": [
              {
                "load_balancer": [
                  {
                    "ingress": []
                  }
                ]
              }
            ],
            "timeouts": null,
            "wait_for_load_balancer": true
          },
          "sensitive_attributes": [],
          "private": "eyJlMmJmYjczMC1lY2FhLTExZTYtOGY4OC0zNDM2M2JjN2M0YzAiOnsiY3JlYXRlIjo2MDAwMDAwMDAwMDB9LCJzY2hlbWFfdmVyc2lvbiI6IjEifQ==",
          "dependencies": [
            "module.gcp_gke.google_container_cluster.calculator",
            "module.gcp_k8s.data.google_client_config.default"
          ]
        }
      ]
    },
    {
      "module": "module.gcp_k8s",
      "mode": "managed",
      "type": "kubernetes_service",
      "name": "vuecalc-svc",
      "provider": "module.gcp_k8s.provider[\"registry.terraform.io/hashicorp/kubernetes\"]",
      "instances": [
        {
          "schema_version": 1,
          "attributes": {
            "id": "default/vuecalc-svc",
            "metadata": [
              {
                "annotations": null,
                "generate_name": "",
                "generation": 0,
                "labels": {
                  "app": "calculator",
                  "tier": "frontend"
                },
                "name": "vuecalc-svc",
                "namespace": "default",
                "resource_version": "889",
                "uid": "b6db319e-328e-4867-9a61-d414be00b24e"
              }
            ],
            "spec": [
              {
                "cluster_ip": "10.3.247.64",
                "external_ips": null,
                "external_name": "",
                "external_traffic_policy": "",
                "health_check_node_port": 0,
                "load_balancer_ip": "",
                "load_balancer_source_ranges": null,
                "port": [
                  {
                    "name": "",
                    "node_port": 0,
                    "port": 2000,
                    "protocol": "TCP",
                    "target_port": "2000"
                  }
                ],
                "publish_not_ready_addresses": false,
                "selector": {
                  "app": "calculator",
                  "tier": "frontend"
                },
                "session_affinity": "None",
                "type": "ClusterIP"
              }
            ],
            "status": [
              {
                "load_balancer": [
                  {
                    "ingress": []
                  }
                ]
              }
            ],
            "timeouts": null,
            "wait_for_load_balancer": true
          },
          "sensitive_attributes": [],
          "private": "eyJlMmJmYjczMC1lY2FhLTExZTYtOGY4OC0zNDM2M2JjN2M0YzAiOnsiY3JlYXRlIjo2MDAwMDAwMDAwMDB9LCJzY2hlbWFfdmVyc2lvbiI6IjEifQ==",
          "dependencies": [
            "module.gcp_gke.google_container_cluster.calculator",
            "module.gcp_k8s.data.google_client_config.default"
          ]
        }
      ]
    }
  ]
}
